// !$*UTF8*$!
{
	archiveVersion = 1;
	classes = {
	};
	objectVersion = 46;
	objects = {

/* Begin PBXBuildFile section */
		9A30C7171C76D4D600CFD79F /* ProfileInfoView.swift in Sources */ = {isa = PBXBuildFile; fileRef = 9A30C7161C76D4D600CFD79F /* ProfileInfoView.swift */; };
		F533AF091C757A9B0021BC25 /* TweetViewController.swift in Sources */ = {isa = PBXBuildFile; fileRef = F533AF081C757A9A0021BC25 /* TweetViewController.swift */; };
		F533AF0B1C75BB590021BC25 /* ContentTableViewCell.swift in Sources */ = {isa = PBXBuildFile; fileRef = F533AF0A1C75BB590021BC25 /* ContentTableViewCell.swift */; };
		F533AF0D1C75BB7C0021BC25 /* StatTableViewCell.swift in Sources */ = {isa = PBXBuildFile; fileRef = F533AF0C1C75BB7C0021BC25 /* StatTableViewCell.swift */; };
		F533AF0F1C75BB8C0021BC25 /* ActionTableViewCell.swift in Sources */ = {isa = PBXBuildFile; fileRef = F533AF0E1C75BB8C0021BC25 /* ActionTableViewCell.swift */; };
		F57363D71C698A9700A3637C /* AppDelegate.swift in Sources */ = {isa = PBXBuildFile; fileRef = F57363D61C698A9700A3637C /* AppDelegate.swift */; };
		F57363D91C698A9700A3637C /* ViewController.swift in Sources */ = {isa = PBXBuildFile; fileRef = F57363D81C698A9700A3637C /* ViewController.swift */; };
		F57363DC1C698A9900A3637C /* Main.storyboard in Resources */ = {isa = PBXBuildFile; fileRef = F57363DA1C698A9900A3637C /* Main.storyboard */; };
		F57363DE1C698A9A00A3637C /* Assets.xcassets in Resources */ = {isa = PBXBuildFile; fileRef = F57363DD1C698A9A00A3637C /* Assets.xcassets */; };
		F57363E11C698A9A00A3637C /* LaunchScreen.storyboard in Resources */ = {isa = PBXBuildFile; fileRef = F57363DF1C698A9A00A3637C /* LaunchScreen.storyboard */; };
		F57363F41C6AAA1E00A3637C /* TwitterClient.swift in Sources */ = {isa = PBXBuildFile; fileRef = F57363F31C6AAA1E00A3637C /* TwitterClient.swift */; };
		F598C9401C6B157E00F7071C /* User.swift in Sources */ = {isa = PBXBuildFile; fileRef = F598C93F1C6B157E00F7071C /* User.swift */; };
		F598C9421C6B159900F7071C /* Tweet.swift in Sources */ = {isa = PBXBuildFile; fileRef = F598C9411C6B159900F7071C /* Tweet.swift */; };
		F598C9441C6BF17200F7071C /* TweetsViewController.swift in Sources */ = {isa = PBXBuildFile; fileRef = F598C9431C6BF17100F7071C /* TweetsViewController.swift */; };
		F598C9461C6C0D8300F7071C /* ProfileViewController.swift in Sources */ = {isa = PBXBuildFile; fileRef = F598C9451C6C0D8300F7071C /* ProfileViewController.swift */; };
		F598C9491C6C238000F7071C /* TweetTableViewCell.swift in Sources */ = {isa = PBXBuildFile; fileRef = F598C9481C6C238000F7071C /* TweetTableViewCell.swift */; };
		F5C79E251C6F9FF600BA3D08 /* InfiniteScrollActivityView.swift in Sources */ = {isa = PBXBuildFile; fileRef = F5C79E241C6F9FF500BA3D08 /* InfiniteScrollActivityView.swift */; };
		F5C79E271C7042AD00BA3D08 /* ComposeViewController.swift in Sources */ = {isa = PBXBuildFile; fileRef = F5C79E261C7042AC00BA3D08 /* ComposeViewController.swift */; };
		FB707B2C1B3FC581318513C5 /* Pods.framework in Frameworks */ = {isa = PBXBuildFile; fileRef = 5E3CD74D3818822530278A6C /* Pods.framework */; };
/* End PBXBuildFile section */

/* Begin PBXFileReference section */
		5E3CD74D3818822530278A6C /* Pods.framework */ = {isa = PBXFileReference; explicitFileType = wrapper.framework; includeInIndex = 0; path = Pods.framework; sourceTree = BUILT_PRODUCTS_DIR; };
		6D47E04778AF2FCE0D396C59 /* Pods.release.xcconfig */ = {isa = PBXFileReference; includeInIndex = 1; lastKnownFileType = text.xcconfig; name = Pods.release.xcconfig; path = "Pods/Target Support Files/Pods/Pods.release.xcconfig"; sourceTree = "<group>"; };
		9A30C7161C76D4D600CFD79F /* ProfileInfoView.swift */ = {isa = PBXFileReference; fileEncoding = 4; lastKnownFileType = sourcecode.swift; path = ProfileInfoView.swift; sourceTree = "<group>"; };
		CA2576ADC2E260D01CA9EA39 /* Pods.debug.xcconfig */ = {isa = PBXFileReference; includeInIndex = 1; lastKnownFileType = text.xcconfig; name = Pods.debug.xcconfig; path = "Pods/Target Support Files/Pods/Pods.debug.xcconfig"; sourceTree = "<group>"; };
		F533AF081C757A9A0021BC25 /* TweetViewController.swift */ = {isa = PBXFileReference; fileEncoding = 4; lastKnownFileType = sourcecode.swift; path = TweetViewController.swift; sourceTree = "<group>"; };
		F533AF0A1C75BB590021BC25 /* ContentTableViewCell.swift */ = {isa = PBXFileReference; fileEncoding = 4; lastKnownFileType = sourcecode.swift; path = ContentTableViewCell.swift; sourceTree = "<group>"; };
		F533AF0C1C75BB7C0021BC25 /* StatTableViewCell.swift */ = {isa = PBXFileReference; fileEncoding = 4; lastKnownFileType = sourcecode.swift; path = StatTableViewCell.swift; sourceTree = "<group>"; };
		F533AF0E1C75BB8C0021BC25 /* ActionTableViewCell.swift */ = {isa = PBXFileReference; fileEncoding = 4; lastKnownFileType = sourcecode.swift; path = ActionTableViewCell.swift; sourceTree = "<group>"; };
		F57363D31C698A9400A3637C /* Twitter.app */ = {isa = PBXFileReference; explicitFileType = wrapper.application; includeInIndex = 0; path = Twitter.app; sourceTree = BUILT_PRODUCTS_DIR; };
		F57363D61C698A9700A3637C /* AppDelegate.swift */ = {isa = PBXFileReference; lastKnownFileType = sourcecode.swift; path = AppDelegate.swift; sourceTree = "<group>"; };
		F57363D81C698A9700A3637C /* ViewController.swift */ = {isa = PBXFileReference; lastKnownFileType = sourcecode.swift; path = ViewController.swift; sourceTree = "<group>"; };
		F57363DB1C698A9900A3637C /* Base */ = {isa = PBXFileReference; lastKnownFileType = file.storyboard; name = Base; path = Base.lproj/Main.storyboard; sourceTree = "<group>"; };
		F57363DD1C698A9A00A3637C /* Assets.xcassets */ = {isa = PBXFileReference; lastKnownFileType = folder.assetcatalog; path = Assets.xcassets; sourceTree = "<group>"; };
		F57363E01C698A9A00A3637C /* Base */ = {isa = PBXFileReference; lastKnownFileType = file.storyboard; name = Base; path = Base.lproj/LaunchScreen.storyboard; sourceTree = "<group>"; };
		F57363E21C698A9A00A3637C /* Info.plist */ = {isa = PBXFileReference; lastKnownFileType = text.plist.xml; path = Info.plist; sourceTree = "<group>"; };
		F57363F31C6AAA1E00A3637C /* TwitterClient.swift */ = {isa = PBXFileReference; fileEncoding = 4; lastKnownFileType = sourcecode.swift; path = TwitterClient.swift; sourceTree = "<group>"; };
		F598C93F1C6B157E00F7071C /* User.swift */ = {isa = PBXFileReference; fileEncoding = 4; lastKnownFileType = sourcecode.swift; path = User.swift; sourceTree = "<group>"; };
		F598C9411C6B159900F7071C /* Tweet.swift */ = {isa = PBXFileReference; fileEncoding = 4; lastKnownFileType = sourcecode.swift; path = Tweet.swift; sourceTree = "<group>"; };
		F598C9431C6BF17100F7071C /* TweetsViewController.swift */ = {isa = PBXFileReference; fileEncoding = 4; lastKnownFileType = sourcecode.swift; path = TweetsViewController.swift; sourceTree = "<group>"; };
		F598C9451C6C0D8300F7071C /* ProfileViewController.swift */ = {isa = PBXFileReference; fileEncoding = 4; lastKnownFileType = sourcecode.swift; path = ProfileViewController.swift; sourceTree = "<group>"; };
		F598C9481C6C238000F7071C /* TweetTableViewCell.swift */ = {isa = PBXFileReference; fileEncoding = 4; lastKnownFileType = sourcecode.swift; path = TweetTableViewCell.swift; sourceTree = "<group>"; };
		F5C79E241C6F9FF500BA3D08 /* InfiniteScrollActivityView.swift */ = {isa = PBXFileReference; fileEncoding = 4; lastKnownFileType = sourcecode.swift; path = InfiniteScrollActivityView.swift; sourceTree = "<group>"; };
		F5C79E261C7042AC00BA3D08 /* ComposeViewController.swift */ = {isa = PBXFileReference; fileEncoding = 4; lastKnownFileType = sourcecode.swift; path = ComposeViewController.swift; sourceTree = "<group>"; };
/* End PBXFileReference section */

/* Begin PBXFrameworksBuildPhase section */
		F57363D01C698A9200A3637C /* Frameworks */ = {
			isa = PBXFrameworksBuildPhase;
			buildActionMask = 2147483647;
			files = (
				FB707B2C1B3FC581318513C5 /* Pods.framework in Frameworks */,
			);
			runOnlyForDeploymentPostprocessing = 0;
		};
/* End PBXFrameworksBuildPhase section */

/* Begin PBXGroup section */
		7A9E8815979C8A70144032A7 /* Frameworks */ = {
			isa = PBXGroup;
			children = (
				5E3CD74D3818822530278A6C /* Pods.framework */,
			);
			name = Frameworks;
			sourceTree = "<group>";
		};
		9A6E27E807E06387610C4C3A /* Pods */ = {
			isa = PBXGroup;
			children = (
				CA2576ADC2E260D01CA9EA39 /* Pods.debug.xcconfig */,
				6D47E04778AF2FCE0D396C59 /* Pods.release.xcconfig */,
			);
			name = Pods;
			sourceTree = "<group>";
		};
		F57363CA1C698A8B00A3637C = {
			isa = PBXGroup;
			children = (
				F57363D51C698A9700A3637C /* Twitter */,
				F57363D41C698A9400A3637C /* Products */,
				9A6E27E807E06387610C4C3A /* Pods */,
				7A9E8815979C8A70144032A7 /* Frameworks */,
			);
			sourceTree = "<group>";
		};
		F57363D41C698A9400A3637C /* Products */ = {
			isa = PBXGroup;
			children = (
				F57363D31C698A9400A3637C /* Twitter.app */,
			);
			name = Products;
			sourceTree = "<group>";
		};
		F57363D51C698A9700A3637C /* Twitter */ = {
			isa = PBXGroup;
			children = (
				F598C9471C6C234800F7071C /* Views */,
				F598C93E1C6B154700F7071C /* Models */,
				F57363F21C6AA9FD00A3637C /* API */,
				F57363D61C698A9700A3637C /* AppDelegate.swift */,
				F57363D81C698A9700A3637C /* ViewController.swift */,
				F57363DA1C698A9900A3637C /* Main.storyboard */,
				F533AF081C757A9A0021BC25 /* TweetViewController.swift */,
				F5C79E261C7042AC00BA3D08 /* ComposeViewController.swift */,
				F598C9431C6BF17100F7071C /* TweetsViewController.swift */,
				F598C9451C6C0D8300F7071C /* ProfileViewController.swift */,
				F57363DD1C698A9A00A3637C /* Assets.xcassets */,
				F57363DF1C698A9A00A3637C /* LaunchScreen.storyboard */,
				F57363E21C698A9A00A3637C /* Info.plist */,
			);
			path = Twitter;
			sourceTree = "<group>";
		};
		F57363F21C6AA9FD00A3637C /* API */ = {
			isa = PBXGroup;
			children = (
				F57363F31C6AAA1E00A3637C /* TwitterClient.swift */,
			);
			name = API;
			sourceTree = "<group>";
		};
		F598C93E1C6B154700F7071C /* Models */ = {
			isa = PBXGroup;
			children = (
				F598C93F1C6B157E00F7071C /* User.swift */,
				F598C9411C6B159900F7071C /* Tweet.swift */,
			);
			name = Models;
			sourceTree = "<group>";
		};
		F598C9471C6C234800F7071C /* Views */ = {
			isa = PBXGroup;
			children = (
				F5C79E241C6F9FF500BA3D08 /* InfiniteScrollActivityView.swift */,
				F598C9481C6C238000F7071C /* TweetTableViewCell.swift */,
				F533AF0A1C75BB590021BC25 /* ContentTableViewCell.swift */,
				F533AF0C1C75BB7C0021BC25 /* StatTableViewCell.swift */,
				F533AF0E1C75BB8C0021BC25 /* ActionTableViewCell.swift */,
				9A30C7161C76D4D600CFD79F /* ProfileInfoView.swift */,
			);
			name = Views;
			sourceTree = "<group>";
		};
/* End PBXGroup section */

/* Begin PBXNativeTarget section */
		F57363D21C698A9200A3637C /* Twitter */ = {
			isa = PBXNativeTarget;
			buildConfigurationList = F57363E51C698A9A00A3637C /* Build configuration list for PBXNativeTarget "Twitter" */;
			buildPhases = (
				FCED2B49F155201A762C64C3 /* Check Pods Manifest.lock */,
				F57363CF1C698A9200A3637C /* Sources */,
				F57363D01C698A9200A3637C /* Frameworks */,
				F57363D11C698A9200A3637C /* Resources */,
				1BF3ED44BAC3D34B9AA0FC37 /* Embed Pods Frameworks */,
				A98C4DC0A9A3E9E826282FF7 /* Copy Pods Resources */,
			);
			buildRules = (
			);
			dependencies = (
			);
			name = Twitter;
			productName = Twitter;
			productReference = F57363D31C698A9400A3637C /* Twitter.app */;
			productType = "com.apple.product-type.application";
		};
/* End PBXNativeTarget section */

/* Begin PBXProject section */
		F57363CB1C698A8C00A3637C /* Project object */ = {
			isa = PBXProject;
			attributes = {
				LastSwiftUpdateCheck = 0720;
				LastUpgradeCheck = 0720;
				ORGANIZATIONNAME = "Bluyam Inc.";
				TargetAttributes = {
					F57363D21C698A9200A3637C = {
						CreatedOnToolsVersion = 7.2;
					};
				};
			};
			buildConfigurationList = F57363CE1C698A9000A3637C /* Build configuration list for PBXProject "Twitter" */;
			compatibilityVersion = "Xcode 3.2";
			developmentRegion = English;
			hasScannedForEncodings = 0;
			knownRegions = (
				en,
				Base,
			);
			mainGroup = F57363CA1C698A8B00A3637C;
			productRefGroup = F57363D41C698A9400A3637C /* Products */;
			projectDirPath = "";
			projectRoot = "";
			targets = (
				F57363D21C698A9200A3637C /* Twitter */,
			);
		};
/* End PBXProject section */

/* Begin PBXResourcesBuildPhase section */
		F57363D11C698A9200A3637C /* Resources */ = {
			isa = PBXResourcesBuildPhase;
			buildActionMask = 2147483647;
			files = (
				F57363E11C698A9A00A3637C /* LaunchScreen.storyboard in Resources */,
				F57363DE1C698A9A00A3637C /* Assets.xcassets in Resources */,
				F57363DC1C698A9900A3637C /* Main.storyboard in Resources */,
			);
			runOnlyForDeploymentPostprocessing = 0;
		};
/* End PBXResourcesBuildPhase section */

/* Begin PBXShellScriptBuildPhase section */
		1BF3ED44BAC3D34B9AA0FC37 /* Embed Pods Frameworks */ = {
			isa = PBXShellScriptBuildPhase;
			buildActionMask = 2147483647;
			files = (
			);
			inputPaths = (
			);
			name = "Embed Pods Frameworks";
			outputPaths = (
			);
			runOnlyForDeploymentPostprocessing = 0;
			shellPath = /bin/sh;
			shellScript = "\"${SRCROOT}/Pods/Target Support Files/Pods/Pods-frameworks.sh\"\n";
			showEnvVarsInLog = 0;
		};
		A98C4DC0A9A3E9E826282FF7 /* Copy Pods Resources */ = {
			isa = PBXShellScriptBuildPhase;
			buildActionMask = 2147483647;
			files = (
			);
			inputPaths = (
			);
			name = "Copy Pods Resources";
			outputPaths = (
			);
			runOnlyForDeploymentPostprocessing = 0;
			shellPath = /bin/sh;
			shellScript = "\"${SRCROOT}/Pods/Target Support Files/Pods/Pods-resources.sh\"\n";
			showEnvVarsInLog = 0;
		};
		FCED2B49F155201A762C64C3 /* Check Pods Manifest.lock */ = {
			isa = PBXShellScriptBuildPhase;
			buildActionMask = 2147483647;
			files = (
			);
			inputPaths = (
			);
			name = "Check Pods Manifest.lock";
			outputPaths = (
			);
			runOnlyForDeploymentPostprocessing = 0;
			shellPath = /bin/sh;
			shellScript = "diff \"${PODS_ROOT}/../Podfile.lock\" \"${PODS_ROOT}/Manifest.lock\" > /dev/null\nif [[ $? != 0 ]] ; then\n    cat << EOM\nerror: The sandbox is not in sync with the Podfile.lock. Run 'pod install' or update your CocoaPods installation.\nEOM\n    exit 1\nfi\n";
			showEnvVarsInLog = 0;
		};
/* End PBXShellScriptBuildPhase section */

/* Begin PBXSourcesBuildPhase section */
		F57363CF1C698A9200A3637C /* Sources */ = {
			isa = PBXSourcesBuildPhase;
			buildActionMask = 2147483647;
			files = (
				F5C79E251C6F9FF600BA3D08 /* InfiniteScrollActivityView.swift in Sources */,
				F533AF0F1C75BB8C0021BC25 /* ActionTableViewCell.swift in Sources */,
				F598C9401C6B157E00F7071C /* User.swift in Sources */,
				F598C9421C6B159900F7071C /* Tweet.swift in Sources */,
				F533AF091C757A9B0021BC25 /* TweetViewController.swift in Sources */,
				F598C9441C6BF17200F7071C /* TweetsViewController.swift in Sources */,
				F57363D91C698A9700A3637C /* ViewController.swift in Sources */,
				F5C79E271C7042AD00BA3D08 /* ComposeViewController.swift in Sources */,
				F598C9461C6C0D8300F7071C /* ProfileViewController.swift in Sources */,
				9A30C7171C76D4D600CFD79F /* ProfileInfoView.swift in Sources */,
				F57363F41C6AAA1E00A3637C /* TwitterClient.swift in Sources */,
				F533AF0D1C75BB7C0021BC25 /* StatTableViewCell.swift in Sources */,
				F57363D71C698A9700A3637C /* AppDelegate.swift in Sources */,
				F598C9491C6C238000F7071C /* TweetTableViewCell.swift in Sources */,
				F533AF0B1C75BB590021BC25 /* ContentTableViewCell.swift in Sources */,
			);
			runOnlyForDeploymentPostprocessing = 0;
		};
/* End PBXSourcesBuildPhase section */

/* Begin PBXVariantGroup section */
		F57363DA1C698A9900A3637C /* Main.storyboard */ = {
			isa = PBXVariantGroup;
			children = (
				F57363DB1C698A9900A3637C /* Base */,
			);
			name = Main.storyboard;
			sourceTree = "<group>";
		};
		F57363DF1C698A9A00A3637C /* LaunchScreen.storyboard */ = {
			isa = PBXVariantGroup;
			children = (
				F57363E01C698A9A00A3637C /* Base */,
			);
			name = LaunchScreen.storyboard;
			sourceTree = "<group>";
		};
/* End PBXVariantGroup section */

/* Begin XCBuildConfiguration section */
		F57363E31C698A9A00A3637C /* Debug */ = {
			isa = XCBuildConfiguration;
			buildSettings = {
				ALWAYS_SEARCH_USER_PATHS = NO;
				CLANG_CXX_LANGUAGE_STANDARD = "gnu++0x";
				CLANG_CXX_LIBRARY = "libc++";
				CLANG_ENABLE_MODULES = YES;
				CLANG_ENABLE_OBJC_ARC = YES;
				CLANG_WARN_BOOL_CONVERSION = YES;
				CLANG_WARN_CONSTANT_CONVERSION = YES;
				CLANG_WARN_DIRECT_OBJC_ISA_USAGE = YES_ERROR;
				CLANG_WARN_EMPTY_BODY = YES;
				CLANG_WARN_ENUM_CONVERSION = YES;
				CLANG_WARN_INT_CONVERSION = YES;
				CLANG_WARN_OBJC_ROOT_CLASS = YES_ERROR;
				CLANG_WARN_UNREACHABLE_CODE = YES;
				CLANG_WARN__DUPLICATE_METHOD_MATCH = YES;
				"CODE_SIGN_IDENTITY[sdk=iphoneos*]" = "iPhone Developer";
				COPY_PHASE_STRIP = NO;
				DEBUG_INFORMATION_FORMAT = dwarf;
				ENABLE_STRICT_OBJC_MSGSEND = YES;
				ENABLE_TESTABILITY = YES;
				GCC_C_LANGUAGE_STANDARD = gnu99;
				GCC_DYNAMIC_NO_PIC = NO;
				GCC_NO_COMMON_BLOCKS = YES;
				GCC_OPTIMIZATION_LEVEL = 0;
				GCC_PREPROCESSOR_DEFINITIONS = (
					"DEBUG=1",
					"$(inherited)",
				);
				GCC_WARN_64_TO_32_BIT_CONVERSION = YES;
				GCC_WARN_ABOUT_RETURN_TYPE = YES_ERROR;
				GCC_WARN_UNDECLARED_SELECTOR = YES;
				GCC_WARN_UNINITIALIZED_AUTOS = YES_AGGRESSIVE;
				GCC_WARN_UNUSED_FUNCTION = YES;
				GCC_WARN_UNUSED_VARIABLE = YES;
				IPHONEOS_DEPLOYMENT_TARGET = 9.2;
				MTL_ENABLE_DEBUG_INFO = YES;
				ONLY_ACTIVE_ARCH = YES;
				SDKROOT = iphoneos;
				SWIFT_OPTIMIZATION_LEVEL = "-Onone";
			};
			name = Debug;
		};
		F57363E41C698A9A00A3637C /* Release */ = {
			isa = XCBuildConfiguration;
			buildSettings = {
				ALWAYS_SEARCH_USER_PATHS = NO;
				CLANG_CXX_LANGUAGE_STANDARD = "gnu++0x";
				CLANG_CXX_LIBRARY = "libc++";
				CLANG_ENABLE_MODULES = YES;
				CLANG_ENABLE_OBJC_ARC = YES;
				CLANG_WARN_BOOL_CONVERSION = YES;
				CLANG_WARN_CONSTANT_CONVERSION = YES;
				CLANG_WARN_DIRECT_OBJC_ISA_USAGE = YES_ERROR;
				CLANG_WARN_EMPTY_BODY = YES;
				CLANG_WARN_ENUM_CONVERSION = YES;
				CLANG_WARN_INT_CONVERSION = YES;
				CLANG_WARN_OBJC_ROOT_CLASS = YES_ERROR;
				CLANG_WARN_UNREACHABLE_CODE = YES;
				CLANG_WARN__DUPLICATE_METHOD_MATCH = YES;
				"CODE_SIGN_IDENTITY[sdk=iphoneos*]" = "iPhone Developer";
				COPY_PHASE_STRIP = NO;
				DEBUG_INFORMATION_FORMAT = "dwarf-with-dsym";
				ENABLE_NS_ASSERTIONS = NO;
				ENABLE_STRICT_OBJC_MSGSEND = YES;
				GCC_C_LANGUAGE_STANDARD = gnu99;
				GCC_NO_COMMON_BLOCKS = YES;
				GCC_WARN_64_TO_32_BIT_CONVERSION = YES;
				GCC_WARN_ABOUT_RETURN_TYPE = YES_ERROR;
				GCC_WARN_UNDECLARED_SELECTOR = YES;
				GCC_WARN_UNINITIALIZED_AUTOS = YES_AGGRESSIVE;
				GCC_WARN_UNUSED_FUNCTION = YES;
				GCC_WARN_UNUSED_VARIABLE = YES;
				IPHONEOS_DEPLOYMENT_TARGET = 9.2;
				MTL_ENABLE_DEBUG_INFO = NO;
				SDKROOT = iphoneos;
				VALIDATE_PRODUCT = YES;
			};
			name = Release;
		};
		F57363E61C698A9A00A3637C /* Debug */ = {
			isa = XCBuildConfiguration;
			baseConfigurationReference = CA2576ADC2E260D01CA9EA39 /* Pods.debug.xcconfig */;
			buildSettings = {
				ASSETCATALOG_COMPILER_APPICON_NAME = AppIcon;
				CLANG_ENABLE_MODULES = YES;
				INFOPLIST_FILE = Twitter/Info.plist;
				LD_RUNPATH_SEARCH_PATHS = "$(inherited) @executable_path/Frameworks";
				PRODUCT_BUNDLE_IDENTIFIER = com.bluyam.Twitter;
				PRODUCT_NAME = "$(TARGET_NAME)";
				SWIFT_INSTALL_OBJC_HEADER = NO;
				SWIFT_OPTIMIZATION_LEVEL = "-Onone";
			};
			name = Debug;
		};
		F57363E71C698A9A00A3637C /* Release */ = {
			isa = XCBuildConfiguration;
			baseConfigurationReference = 6D47E04778AF2FCE0D396C59 /* Pods.release.xcconfig */;
			buildSettings = {
				ASSETCATALOG_COMPILER_APPICON_NAME = AppIcon;
				CLANG_ENABLE_MODULES = YES;
				INFOPLIST_FILE = Twitter/Info.plist;
				LD_RUNPATH_SEARCH_PATHS = "$(inherited) @executable_path/Frameworks";
				PRODUCT_BUNDLE_IDENTIFIER = com.bluyam.Twitter;
				PRODUCT_NAME = "$(TARGET_NAME)";
				SWIFT_INSTALL_OBJC_HEADER = NO;
			};
			name = Release;
		};
/* End XCBuildConfiguration section */

/* Begin XCConfigurationList section */
		F57363CE1C698A9000A3637C /* Build configuration list for PBXProject "Twitter" */ = {
			isa = XCConfigurationList;
			buildConfigurations = (
				F57363E31C698A9A00A3637C /* Debug */,
				F57363E41C698A9A00A3637C /* Release */,
			);
			defaultConfigurationIsVisible = 0;
			defaultConfigurationName = Release;
		};
		F57363E51C698A9A00A3637C /* Build configuration list for PBXNativeTarget "Twitter" */ = {
			isa = XCConfigurationList;
			buildConfigurations = (
				F57363E61C698A9A00A3637C /* Debug */,
				F57363E71C698A9A00A3637C /* Release */,
			);
			defaultConfigurationIsVisible = 0;
			defaultConfigurationName = Release;
		};
/* End XCConfigurationList section */
	};
	rootObject = F57363CB1C698A8C00A3637C /* Project object */;
}
